
Microsoft Visual Studio Solution File, Format Version 12.00
# Visual Studio Version 17
VisualStudioVersion = 17.14.36429.23
MinimumVisualStudioVersion = 10.0.40219.1
Project("{2150E333-8FDC-42A3-9474-1A3956D46DE8}") = "Task0", "Task0", "{02EA681E-C7D8-13C7-8484-4AC65E1B71E8}"
EndProject
Project("{FAE04EC0-301F-11D3-BF4B-00C04F79EFBC}") = "Tyuiu.MuliavinIM.Sprint1.Task0.V16", "Tyuiu.Muliavin.Sprint1.Task0.V16\Tyuiu.MuliavinIM.Sprint1.Task0.V16.csproj", "{52E5799B-7B95-435A-A493-2BECA17EEEB6}"
EndProject
Project("{FAE04EC0-301F-11D3-BF4B-00C04F79EFBC}") = "Tyuiu.MuliavinIM.Sprint1.Task0.V16.Lib", "Tyuiu.Muliavin.Sprint1.Task0.V16.Lib\Tyuiu.MuliavinIM.Sprint1.Task0.V16.Lib.csproj", "{436B3E54-DCE4-4A97-8DDB-DBEED833FA7B}"
EndProject
Project("{FAE04EC0-301F-11D3-BF4B-00C04F79EFBC}") = "Tyuiu.MuliavinIM.Sprint1.Task0.V16.Test", "Tyuiu.Muliavin.Sprint1.Task0.V16.Test\Tyuiu.MuliavinIM.Sprint1.Task0.V16.Test.csproj", "{9588D43F-BE8C-48E7-8335-D15E96865688}"
EndProject
Project("{2150E333-8FDC-42A3-9474-1A3956D46DE8}") = "Task1", "Task1", "{82412434-B655-4FCF-A0EA-A407DE74F2D3}"
EndProject
Project("{FAE04EC0-301F-11D3-BF4B-00C04F79EFBC}") = "Tyuiu.MuliavinIM.Sprint1.Task1.V23", "Tyuiu.MuliavinIM.Sprint1.Task1.V23\Tyuiu.MuliavinIM.Sprint1.Task1.V23.csproj", "{644BAC39-F54D-4FD0-B887-23E2C72B51F4}"
EndProject
Project("{FAE04EC0-301F-11D3-BF4B-00C04F79EFBC}") = "Tyuiu.MuliavinIM.Sprint1.Task1.V23.Test", "Tyuiu.MuliavinIM.Sprint1.Task1.V23.Test\Tyuiu.MuliavinIM.Sprint1.Task1.V23.Test.csproj", "{EF9DBBD5-9BE6-478D-AA03-2B46515CFF7B}"
EndProject
Project("{FAE04EC0-301F-11D3-BF4B-00C04F79EFBC}") = "Tyuiu.MuliavinIM.Sprint1.Task1.V23.Lib", "Tyuiu.MuliavinIM.Sprint1.Task1.V23.Lib\Tyuiu.MuliavinIM.Sprint1.Task1.V23.Lib.csproj", "{077D6189-0548-49EE-BDD6-E75D54D46C97}"
EndProject
Project("{2150E333-8FDC-42A3-9474-1A3956D46DE8}") = "Task2", "Task2", "{206F80FA-DFF3-4172-9971-02D4BFD7E253}"
EndProject
Project("{FAE04EC0-301F-11D3-BF4B-00C04F79EFBC}") = "Tyuiu.MuliavinIM.Sprint1.Task2.V4", "Tyuiu.MuliavinIM.Sprint1.Task2V4\Tyuiu.MuliavinIM.Sprint1.Task2.V4.csproj", "{11B257A8-9C8F-4135-8905-CB2989145258}"
EndProject
Project("{FAE04EC0-301F-11D3-BF4B-00C04F79EFBC}") = "Tyuiu.MuliavinIM.Sprint1.Task2.V4.Lib", "Tyuiu.MuliavinIM.Sprint1.Task2V4.Lib\Tyuiu.MuliavinIM.Sprint1.Task2.V4.Lib.csproj", "{D01C407A-9F77-4692-839E-0D2687CFB33F}"
EndProject
Project("{FAE04EC0-301F-11D3-BF4B-00C04F79EFBC}") = "Tyuiu.MuliavinIM.Sprint1.Task2.V4.Test", "Tyuiu.MuliavinIM.Sprint1.Task2V4.Test\Tyuiu.MuliavinIM.Sprint1.Task2.V4.Test.csproj", "{C8F9FC67-5333-4ABF-A64F-81EB35BE32C9}"
EndProject
Project("{2150E333-8FDC-42A3-9474-1A3956D46DE8}") = "Task3", "Task3", "{A7E96623-5A43-43F8-853C-E8669B9DEB38}"
EndProject
Project("{FAE04EC0-301F-11D3-BF4B-00C04F79EFBC}") = "Tyuiu.MuliavinIM.Sprint1.Task3.V18", "Tyuiu.MuliavinIM.Sprint1.Task3.V18\Tyuiu.MuliavinIM.Sprint1.Task3.V18.csproj", "{EBA266A9-2729-4A7E-A3AC-CB77CE8C6CFF}"
EndProject
Project("{FAE04EC0-301F-11D3-BF4B-00C04F79EFBC}") = "Tyuiu.MuliavinIM.Sprint1.Task3.V18.Lib", "Tyuiu.MuliavinIM.Sprint1.Task3.V18.Lib\Tyuiu.MuliavinIM.Sprint1.Task3.V18.Lib.csproj", "{B3AE7E9D-0FDE-4CE6-85B8-8F1B493D9B87}"
EndProject
Project("{FAE04EC0-301F-11D3-BF4B-00C04F79EFBC}") = "Tyuiu.MuliavinIM.Sprint1.Task3.V18.Test", "Tyuiu.MuliavinIM.Sprint1.Task3.V18.Test\Tyuiu.MuliavinIM.Sprint1.Task3.V18.Test.csproj", "{DC125A3C-4C26-4810-952C-1BEC19CA3A1D}"
EndProject
Project("{2150E333-8FDC-42A3-9474-1A3956D46DE8}") = "Task4", "Task4", "{84A179AF-65EE-4C63-B911-2BC1A00EB4A2}"
EndProject
Project("{FAE04EC0-301F-11D3-BF4B-00C04F79EFBC}") = "Tyuiu.MuliavinIM.Sprint1.Task4.V14", "Tyuiu.MuliavinIM.Sprint1.Task4.V14\Tyuiu.MuliavinIM.Sprint1.Task4.V14.csproj", "{94C61785-C9CD-42F7-97DA-5640FE17A8DE}"
EndProject
Project("{FAE04EC0-301F-11D3-BF4B-00C04F79EFBC}") = "Tyuiu.MuliavinIM.Sprint1.Task4.V14.Lib", "Tyuiu.MuliavinIM.Sprint1.Task4.V14.Lib\Tyuiu.MuliavinIM.Sprint1.Task4.V14.Lib.csproj", "{6D59D275-A82F-498B-B98E-1C078180134D}"
EndProject
Project("{FAE04EC0-301F-11D3-BF4B-00C04F79EFBC}") = "Tyuiu.MuliavinIM.Sprint1.Task4.V14.Test", "Tyuiu.MuliavinIM.Sprint1.Task4.V14.Test\Tyuiu.MuliavinIM.Sprint1.Task4.V14.Test.csproj", "{B7696685-0B7D-4731-967F-B4721F7B6CEA}"
EndProject
Project("{2150E333-8FDC-42A3-9474-1A3956D46DE8}") = "Task5", "Task5", "{CD900CE4-BEA9-4D0D-BF62-8C08F797508C}"
EndProject
Project("{FAE04EC0-301F-11D3-BF4B-00C04F79EFBC}") = "Tyuiu.MuliavinIM.Sprint1.Task5.V2", "Tyuiu.MuliavinIM.Sprint1.Task5.V2\Tyuiu.MuliavinIM.Sprint1.Task5.V2.csproj", "{840F8D93-DC70-4443-8BB2-B780EB8A9434}"
EndProject
Project("{FAE04EC0-301F-11D3-BF4B-00C04F79EFBC}") = "Tyuiu.MuliavinIM.Sprint1.Task5.V2.Lib", "Tyuiu.MuliavinIM.Sprint1.Task5.V2.Lib\Tyuiu.MuliavinIM.Sprint1.Task5.V2.Lib.csproj", "{01FB08E6-6699-474E-B61D-D659632E1D2C}"
EndProject
Project("{FAE04EC0-301F-11D3-BF4B-00C04F79EFBC}") = "Tyuiu.MuliavinIM.Sprint1.Task5.V2.Test", "Tyuiu.MuliavinIM.Sprint1.Task5.V2.Test\Tyuiu.MuliavinIM.Sprint1.Task5.V2.Test.csproj", "{53B17291-EC0E-40AF-A530-4B77363B54AF}"
EndProject
Project("{2150E333-8FDC-42A3-9474-1A3956D46DE8}") = "Task6", "Task6", "{AF47483F-1D1E-4826-AC1C-8107D059BE30}"
EndProject
Project("{FAE04EC0-301F-11D3-BF4B-00C04F79EFBC}") = "Tyuiu.MuliavinIM.Sprint1.Task6.V5", "Tyuiu.MuliavinIM.Sprint1.Task6.V5\Tyuiu.MuliavinIM.Sprint1.Task6.V5.csproj", "{602AE7EF-081A-44F1-A89D-9A6CD3EE1ACA}"
EndProject
Project("{FAE04EC0-301F-11D3-BF4B-00C04F79EFBC}") = "Tyuiu.MuliavinIM.Sprint1.Task6.V5.Lib", "Tyuiu.MuliavinIM.Sprint1.Task6.V5.Lib\Tyuiu.MuliavinIM.Sprint1.Task6.V5.Lib.csproj", "{55597B30-B6AD-49E4-8F5B-06D75B9CB31A}"
EndProject
Project("{FAE04EC0-301F-11D3-BF4B-00C04F79EFBC}") = "Tyuiu.MuliavinIM.Sprint1.Task6.V5.Test", "Tyuiu.MuliavinIM.Sprint1.Task6.V5.Test\Tyuiu.MuliavinIM.Sprint1.Task6.V5.Test.csproj", "{9FD6A05C-2D2C-4E2F-9D7C-3E84590AB698}"
EndProject
Global
	GlobalSection(SolutionConfigurationPlatforms) = preSolution
		Debug|Any CPU = Debug|Any CPU
		Release|Any CPU = Release|Any CPU
	EndGlobalSection
	GlobalSection(ProjectConfigurationPlatforms) = postSolution
		{52E5799B-7B95-435A-A493-2BECA17EEEB6}.Debug|Any CPU.ActiveCfg = Debug|Any CPU
		{52E5799B-7B95-435A-A493-2BECA17EEEB6}.Debug|Any CPU.Build.0 = Debug|Any CPU
		{52E5799B-7B95-435A-A493-2BECA17EEEB6}.Release|Any CPU.ActiveCfg = Release|Any CPU
		{52E5799B-7B95-435A-A493-2BECA17EEEB6}.Release|Any CPU.Build.0 = Release|Any CPU
		{436B3E54-DCE4-4A97-8DDB-DBEED833FA7B}.Debug|Any CPU.ActiveCfg = Debug|Any CPU
		{436B3E54-DCE4-4A97-8DDB-DBEED833FA7B}.Debug|Any CPU.Build.0 = Debug|Any CPU
		{436B3E54-DCE4-4A97-8DDB-DBEED833FA7B}.Release|Any CPU.ActiveCfg = Release|Any CPU
		{436B3E54-DCE4-4A97-8DDB-DBEED833FA7B}.Release|Any CPU.Build.0 = Release|Any CPU
		{9588D43F-BE8C-48E7-8335-D15E96865688}.Debug|Any CPU.ActiveCfg = Debug|Any CPU
		{9588D43F-BE8C-48E7-8335-D15E96865688}.Debug|Any CPU.Build.0 = Debug|Any CPU
		{9588D43F-BE8C-48E7-8335-D15E96865688}.Release|Any CPU.ActiveCfg = Release|Any CPU
		{9588D43F-BE8C-48E7-8335-D15E96865688}.Release|Any CPU.Build.0 = Release|Any CPU
		{644BAC39-F54D-4FD0-B887-23E2C72B51F4}.Debug|Any CPU.ActiveCfg = Debug|Any CPU
		{644BAC39-F54D-4FD0-B887-23E2C72B51F4}.Debug|Any CPU.Build.0 = Debug|Any CPU
		{644BAC39-F54D-4FD0-B887-23E2C72B51F4}.Release|Any CPU.ActiveCfg = Release|Any CPU
		{644BAC39-F54D-4FD0-B887-23E2C72B51F4}.Release|Any CPU.Build.0 = Release|Any CPU
		{EF9DBBD5-9BE6-478D-AA03-2B46515CFF7B}.Debug|Any CPU.ActiveCfg = Debug|Any CPU
		{EF9DBBD5-9BE6-478D-AA03-2B46515CFF7B}.Debug|Any CPU.Build.0 = Debug|Any CPU
		{EF9DBBD5-9BE6-478D-AA03-2B46515CFF7B}.Release|Any CPU.ActiveCfg = Release|Any CPU
		{EF9DBBD5-9BE6-478D-AA03-2B46515CFF7B}.Release|Any CPU.Build.0 = Release|Any CPU
		{077D6189-0548-49EE-BDD6-E75D54D46C97}.Debug|Any CPU.ActiveCfg = Debug|Any CPU
		{077D6189-0548-49EE-BDD6-E75D54D46C97}.Debug|Any CPU.Build.0 = Debug|Any CPU
		{077D6189-0548-49EE-BDD6-E75D54D46C97}.Release|Any CPU.ActiveCfg = Release|Any CPU
		{077D6189-0548-49EE-BDD6-E75D54D46C97}.Release|Any CPU.Build.0 = Release|Any CPU
		{11B257A8-9C8F-4135-8905-CB2989145258}.Debug|Any CPU.ActiveCfg = Debug|Any CPU
		{11B257A8-9C8F-4135-8905-CB2989145258}.Debug|Any CPU.Build.0 = Debug|Any CPU
		{11B257A8-9C8F-4135-8905-CB2989145258}.Release|Any CPU.ActiveCfg = Release|Any CPU
		{11B257A8-9C8F-4135-8905-CB2989145258}.Release|Any CPU.Build.0 = Release|Any CPU
		{D01C407A-9F77-4692-839E-0D2687CFB33F}.Debug|Any CPU.ActiveCfg = Debug|Any CPU
		{D01C407A-9F77-4692-839E-0D2687CFB33F}.Debug|Any CPU.Build.0 = Debug|Any CPU
		{D01C407A-9F77-4692-839E-0D2687CFB33F}.Release|Any CPU.ActiveCfg = Release|Any CPU
		{D01C407A-9F77-4692-839E-0D2687CFB33F}.Release|Any CPU.Build.0 = Release|Any CPU
		{C8F9FC67-5333-4ABF-A64F-81EB35BE32C9}.Debug|Any CPU.ActiveCfg = Debug|Any CPU
		{C8F9FC67-5333-4ABF-A64F-81EB35BE32C9}.Debug|Any CPU.Build.0 = Debug|Any CPU
		{C8F9FC67-5333-4ABF-A64F-81EB35BE32C9}.Release|Any CPU.ActiveCfg = Release|Any CPU
		{C8F9FC67-5333-4ABF-A64F-81EB35BE32C9}.Release|Any CPU.Build.0 = Release|Any CPU
		{EBA266A9-2729-4A7E-A3AC-CB77CE8C6CFF}.Debug|Any CPU.ActiveCfg = Debug|Any CPU
		{EBA266A9-2729-4A7E-A3AC-CB77CE8C6CFF}.Debug|Any CPU.Build.0 = Debug|Any CPU
		{EBA266A9-2729-4A7E-A3AC-CB77CE8C6CFF}.Release|Any CPU.ActiveCfg = Release|Any CPU
		{EBA266A9-2729-4A7E-A3AC-CB77CE8C6CFF}.Release|Any CPU.Build.0 = Release|Any CPU
		{B3AE7E9D-0FDE-4CE6-85B8-8F1B493D9B87}.Debug|Any CPU.ActiveCfg = Debug|Any CPU
		{B3AE7E9D-0FDE-4CE6-85B8-8F1B493D9B87}.Debug|Any CPU.Build.0 = Debug|Any CPU
		{B3AE7E9D-0FDE-4CE6-85B8-8F1B493D9B87}.Release|Any CPU.ActiveCfg = Release|Any CPU
		{B3AE7E9D-0FDE-4CE6-85B8-8F1B493D9B87}.Release|Any CPU.Build.0 = Release|Any CPU
		{DC125A3C-4C26-4810-952C-1BEC19CA3A1D}.Debug|Any CPU.ActiveCfg = Debug|Any CPU
		{DC125A3C-4C26-4810-952C-1BEC19CA3A1D}.Debug|Any CPU.Build.0 = Debug|Any CPU
		{DC125A3C-4C26-4810-952C-1BEC19CA3A1D}.Release|Any CPU.ActiveCfg = Release|Any CPU
		{DC125A3C-4C26-4810-952C-1BEC19CA3A1D}.Release|Any CPU.Build.0 = Release|Any CPU
		{94C61785-C9CD-42F7-97DA-5640FE17A8DE}.Debug|Any CPU.ActiveCfg = Debug|Any CPU
		{94C61785-C9CD-42F7-97DA-5640FE17A8DE}.Debug|Any CPU.Build.0 = Debug|Any CPU
		{94C61785-C9CD-42F7-97DA-5640FE17A8DE}.Release|Any CPU.ActiveCfg = Release|Any CPU
		{94C61785-C9CD-42F7-97DA-5640FE17A8DE}.Release|Any CPU.Build.0 = Release|Any CPU
		{6D59D275-A82F-498B-B98E-1C078180134D}.Debug|Any CPU.ActiveCfg = Debug|Any CPU
		{6D59D275-A82F-498B-B98E-1C078180134D}.Debug|Any CPU.Build.0 = Debug|Any CPU
		{6D59D275-A82F-498B-B98E-1C078180134D}.Release|Any CPU.ActiveCfg = Release|Any CPU
		{6D59D275-A82F-498B-B98E-1C078180134D}.Release|Any CPU.Build.0 = Release|Any CPU
		{B7696685-0B7D-4731-967F-B4721F7B6CEA}.Debug|Any CPU.ActiveCfg = Debug|Any CPU
		{B7696685-0B7D-4731-967F-B4721F7B6CEA}.Debug|Any CPU.Build.0 = Debug|Any CPU
		{B7696685-0B7D-4731-967F-B4721F7B6CEA}.Release|Any CPU.ActiveCfg = Release|Any CPU
		{B7696685-0B7D-4731-967F-B4721F7B6CEA}.Release|Any CPU.Build.0 = Release|Any CPU
		{840F8D93-DC70-4443-8BB2-B780EB8A9434}.Debug|Any CPU.ActiveCfg = Debug|Any CPU
		{840F8D93-DC70-4443-8BB2-B780EB8A9434}.Debug|Any CPU.Build.0 = Debug|Any CPU
		{840F8D93-DC70-4443-8BB2-B780EB8A9434}.Release|Any CPU.ActiveCfg = Release|Any CPU
		{840F8D93-DC70-4443-8BB2-B780EB8A9434}.Release|Any CPU.Build.0 = Release|Any CPU
		{01FB08E6-6699-474E-B61D-D659632E1D2C}.Debug|Any CPU.ActiveCfg = Debug|Any CPU
		{01FB08E6-6699-474E-B61D-D659632E1D2C}.Debug|Any CPU.Build.0 = Debug|Any CPU
		{01FB08E6-6699-474E-B61D-D659632E1D2C}.Release|Any CPU.ActiveCfg = Release|Any CPU
		{01FB08E6-6699-474E-B61D-D659632E1D2C}.Release|Any CPU.Build.0 = Release|Any CPU
		{53B17291-EC0E-40AF-A530-4B77363B54AF}.Debug|Any CPU.ActiveCfg = Debug|Any CPU
		{53B17291-EC0E-40AF-A530-4B77363B54AF}.Debug|Any CPU.Build.0 = Debug|Any CPU
		{53B17291-EC0E-40AF-A530-4B77363B54AF}.Release|Any CPU.ActiveCfg = Release|Any CPU
		{53B17291-EC0E-40AF-A530-4B77363B54AF}.Release|Any CPU.Build.0 = Release|Any CPU
		{602AE7EF-081A-44F1-A89D-9A6CD3EE1ACA}.Debug|Any CPU.ActiveCfg = Debug|Any CPU
		{602AE7EF-081A-44F1-A89D-9A6CD3EE1ACA}.Debug|Any CPU.Build.0 = Debug|Any CPU
		{602AE7EF-081A-44F1-A89D-9A6CD3EE1ACA}.Release|Any CPU.ActiveCfg = Release|Any CPU
		{602AE7EF-081A-44F1-A89D-9A6CD3EE1ACA}.Release|Any CPU.Build.0 = Release|Any CPU
		{55597B30-B6AD-49E4-8F5B-06D75B9CB31A}.Debug|Any CPU.ActiveCfg = Debug|Any CPU
		{55597B30-B6AD-49E4-8F5B-06D75B9CB31A}.Debug|Any CPU.Build.0 = Debug|Any CPU
		{55597B30-B6AD-49E4-8F5B-06D75B9CB31A}.Release|Any CPU.ActiveCfg = Release|Any CPU
		{55597B30-B6AD-49E4-8F5B-06D75B9CB31A}.Release|Any CPU.Build.0 = Release|Any CPU
		{9FD6A05C-2D2C-4E2F-9D7C-3E84590AB698}.Debug|Any CPU.ActiveCfg = Debug|Any CPU
		{9FD6A05C-2D2C-4E2F-9D7C-3E84590AB698}.Debug|Any CPU.Build.0 = Debug|Any CPU
		{9FD6A05C-2D2C-4E2F-9D7C-3E84590AB698}.Release|Any CPU.ActiveCfg = Release|Any CPU
		{9FD6A05C-2D2C-4E2F-9D7C-3E84590AB698}.Release|Any CPU.Build.0 = Release|Any CPU
	EndGlobalSection
	GlobalSection(SolutionProperties) = preSolution
		HideSolutionNode = FALSE
	EndGlobalSection
	GlobalSection(NestedProjects) = preSolution
		{52E5799B-7B95-435A-A493-2BECA17EEEB6} = {02EA681E-C7D8-13C7-8484-4AC65E1B71E8}
		{436B3E54-DCE4-4A97-8DDB-DBEED833FA7B} = {02EA681E-C7D8-13C7-8484-4AC65E1B71E8}
		{9588D43F-BE8C-48E7-8335-D15E96865688} = {02EA681E-C7D8-13C7-8484-4AC65E1B71E8}
		{644BAC39-F54D-4FD0-B887-23E2C72B51F4} = {82412434-B655-4FCF-A0EA-A407DE74F2D3}
		{EF9DBBD5-9BE6-478D-AA03-2B46515CFF7B} = {82412434-B655-4FCF-A0EA-A407DE74F2D3}
		{077D6189-0548-49EE-BDD6-E75D54D46C97} = {82412434-B655-4FCF-A0EA-A407DE74F2D3}
		{11B257A8-9C8F-4135-8905-CB2989145258} = {206F80FA-DFF3-4172-9971-02D4BFD7E253}
		{D01C407A-9F77-4692-839E-0D2687CFB33F} = {206F80FA-DFF3-4172-9971-02D4BFD7E253}
		{C8F9FC67-5333-4ABF-A64F-81EB35BE32C9} = {206F80FA-DFF3-4172-9971-02D4BFD7E253}
		{EBA266A9-2729-4A7E-A3AC-CB77CE8C6CFF} = {A7E96623-5A43-43F8-853C-E8669B9DEB38}
		{B3AE7E9D-0FDE-4CE6-85B8-8F1B493D9B87} = {A7E96623-5A43-43F8-853C-E8669B9DEB38}
		{DC125A3C-4C26-4810-952C-1BEC19CA3A1D} = {A7E96623-5A43-43F8-853C-E8669B9DEB38}
		{94C61785-C9CD-42F7-97DA-5640FE17A8DE} = {84A179AF-65EE-4C63-B911-2BC1A00EB4A2}
		{6D59D275-A82F-498B-B98E-1C078180134D} = {84A179AF-65EE-4C63-B911-2BC1A00EB4A2}
		{B7696685-0B7D-4731-967F-B4721F7B6CEA} = {84A179AF-65EE-4C63-B911-2BC1A00EB4A2}
		{840F8D93-DC70-4443-8BB2-B780EB8A9434} = {CD900CE4-BEA9-4D0D-BF62-8C08F797508C}
		{01FB08E6-6699-474E-B61D-D659632E1D2C} = {CD900CE4-BEA9-4D0D-BF62-8C08F797508C}
		{53B17291-EC0E-40AF-A530-4B77363B54AF} = {CD900CE4-BEA9-4D0D-BF62-8C08F797508C}
		{602AE7EF-081A-44F1-A89D-9A6CD3EE1ACA} = {AF47483F-1D1E-4826-AC1C-8107D059BE30}
		{55597B30-B6AD-49E4-8F5B-06D75B9CB31A} = {AF47483F-1D1E-4826-AC1C-8107D059BE30}
		{9FD6A05C-2D2C-4E2F-9D7C-3E84590AB698} = {AF47483F-1D1E-4826-AC1C-8107D059BE30}
	EndGlobalSection
	GlobalSection(ExtensibilityGlobals) = postSolution
		SolutionGuid = {2EDCACBD-BF3E-4C27-93CE-2986C28C05E7}
	EndGlobalSection
EndGlobal
